
Microsoft Visual Studio Solution File, Format Version 10.00
# Visual C# Express 2008
Project("{FAE04EC0-301F-11D3-BF4B-00C04F79EFBC}") = "libZPlay player", "libZPlay player.csproj", "{6942009C-E2DC-4E71-8B76-0AE63BE55651}"
EndProject
Global
	GlobalSection(SolutionConfigurationPlatforms) = preSolution
		Debug|Any CPU = Debug|Any CPU
		Release|Any CPU = Release|Any CPU
	EndGlobalSection
	GlobalSection(ProjectConfigurationPlatforms) = postSolution
		{6942009C-E2DC-4E71-8B76-0AE63BE55651}.Debug|Any CPU.ActiveCfg = Debug|Any CPU
		{6942009C-E2DC-4E71-8B76-0AE63BE55651}.Debug|Any CPU.Build.0 = Debug|Any CPU
		{6942009C-E2DC-4E71-8B76-0AE63BE55651}.Release|Any CPU.ActiveCfg = Release|Any CPU
		{6942009C-E2DC-4E71-8B76-0AE63BE55651}.Release|Any CPU.Build.0 = Release|Any CPU
	EndGlobalSection
	GlobalSection(SolutionProperties) = preSolution
		HideSolutionNode = FALSE
	EndGlobalSection
EndGlobal
