
Microsoft Visual Studio Solution File, Format Version 10.00
# Visual C# Express 2008
Project("{FAE04EC0-301F-11D3-BF4B-00C04F79EFBC}") = "example1", "example1.csproj", "{B9537AF2-3B1B-478F-AF6E-88CDB6651940}"
EndProject
Global
	GlobalSection(SolutionConfigurationPlatforms) = preSolution
		Debug|Any CPU = Debug|Any CPU
		Release|Any CPU = Release|Any CPU
	EndGlobalSection
	GlobalSection(ProjectConfigurationPlatforms) = postSolution
		{B9537AF2-3B1B-478F-AF6E-88CDB6651940}.Debug|Any CPU.ActiveCfg = Debug|Any CPU
		{B9537AF2-3B1B-478F-AF6E-88CDB6651940}.Debug|Any CPU.Build.0 = Debug|Any CPU
		{B9537AF2-3B1B-478F-AF6E-88CDB6651940}.Release|Any CPU.ActiveCfg = Release|Any CPU
		{B9537AF2-3B1B-478F-AF6E-88CDB6651940}.Release|Any CPU.Build.0 = Release|Any CPU
	EndGlobalSection
	GlobalSection(SolutionProperties) = preSolution
		HideSolutionNode = FALSE
	EndGlobalSection
EndGlobal
